github.com/google/subcommands v0.0.0-20181012225330-46f0354f6315 h1:WW91Hq2v0qDzoPME+TPD4En72+d2Ue3ZMKPYfwR9yBU=
github.com/google/subcommands v0.0.0-20181012225330-46f0354f6315/go.mod h1:ZjhPrFU+Olkh9WazFPsl27BQ4UPiG37m3yTrtFlrHVk=
golang.org/x/tools v0.0.0-20180928181343-b3c0be4c978b h1:hjfKpJoTfQ2QXKPX9eCDFBZ0t9sDrZL/viAgrN962TQ=
golang.org/x/tools v0.0.0-20180928181343-b3c0be4c978b/go.mod h1:n7NCudcB/nEzxVGmLbDWY5pfWTLqBcC2KZ6jyYvM4mQ=
golang.org/x/tools v0.0.0-20181221235234-d00ac6d27372 h1:zWPUEY/PjVHT+zO3L8OfkjrtIjf55joTxn/RQP/AjOI=
golang.org/x/tools v0.0.0-20181221235234-d00ac6d27372/go.mod h1:n7NCudcB/nEzxVGmLbDWY5pfWTLqBcC2KZ6jyYvM4mQ=
